// !$*UTF8*$!
{
	archiveVersion = 1;
	classes = {
	};
	objectVersion = 46;
	objects = {

/* Begin PBXBuildFile section */
		C8A9ABA31ADC81190035EB40 /* AppDelegate.swift in Sources */ = {isa = PBXBuildFile; fileRef = C8A9ABA21ADC81190035EB40 /* AppDelegate.swift */; };
		C8A9ABA51ADC81190035EB40 /* ViewController.swift in Sources */ = {isa = PBXBuildFile; fileRef = C8A9ABA41ADC81190035EB40 /* ViewController.swift */; };
		C8A9ABA81ADC81190035EB40 /* Main.storyboard in Resources */ = {isa = PBXBuildFile; fileRef = C8A9ABA61ADC81190035EB40 /* Main.storyboard */; };
		C8A9ABAA1ADC81190035EB40 /* Images.xcassets in Resources */ = {isa = PBXBuildFile; fileRef = C8A9ABA91ADC81190035EB40 /* Images.xcassets */; };
		C8A9ABAD1ADC81190035EB40 /* LaunchScreen.xib in Resources */ = {isa = PBXBuildFile; fileRef = C8A9ABAB1ADC81190035EB40 /* LaunchScreen.xib */; };
		C8A9ABB91ADC81190035EB40 /* PostcardTests.swift in Sources */ = {isa = PBXBuildFile; fileRef = C8A9ABB81ADC81190035EB40 /* PostcardTests.swift */; };
/* End PBXBuildFile section */

/* Begin PBXContainerItemProxy section */
		C8A9ABB31ADC81190035EB40 /* PBXContainerItemProxy */ = {
			isa = PBXContainerItemProxy;
			containerPortal = C8A9AB951ADC81190035EB40 /* Project object */;
			proxyType = 1;
			remoteGlobalIDString = C8A9AB9C1ADC81190035EB40;
			remoteInfo = Postcard;
		};
/* End PBXContainerItemProxy section */

/* Begin PBXFileReference section */
		C8A9AB9D1ADC81190035EB40 /* Postcard.app */ = {isa = PBXFileReference; explicitFileType = wrapper.application; includeInIndex = 0; path = Postcard.app; sourceTree = BUILT_PRODUCTS_DIR; };
		C8A9ABA11ADC81190035EB40 /* Info.plist */ = {isa = PBXFileReference; lastKnownFileType = text.plist.xml; path = Info.plist; sourceTree = "<group>"; };
		C8A9ABA21ADC81190035EB40 /* AppDelegate.swift */ = {isa = PBXFileReference; lastKnownFileType = sourcecode.swift; path = AppDelegate.swift; sourceTree = "<group>"; };
		C8A9ABA41ADC81190035EB40 /* ViewController.swift */ = {isa = PBXFileReference; lastKnownFileType = sourcecode.swift; path = ViewController.swift; sourceTree = "<group>"; };
		C8A9ABA71ADC81190035EB40 /* Base */ = {isa = PBXFileReference; lastKnownFileType = file.storyboard; name = Base; path = Base.lproj/Main.storyboard; sourceTree = "<group>"; };
		C8A9ABA91ADC81190035EB40 /* Images.xcassets */ = {isa = PBXFileReference; lastKnownFileType = folder.assetcatalog; path = Images.xcassets; sourceTree = "<group>"; };
		C8A9ABAC1ADC81190035EB40 /* Base */ = {isa = PBXFileReference; lastKnownFileType = file.xib; name = Base; path = Base.lproj/LaunchScreen.xib; sourceTree = "<group>"; };
		C8A9ABB21ADC81190035EB40 /* PostcardTests.xctest */ = {isa = PBXFileReference; explicitFileType = wrapper.cfbundle; includeInIndex = 0; path = PostcardTests.xctest; sourceTree = BUILT_PRODUCTS_DIR; };
		C8A9ABB71ADC81190035EB40 /* Info.plist */ = {isa = PBXFileReference; lastKnownFileType = text.plist.xml; path = Info.plist; sourceTree = "<group>"; };
		C8A9ABB81ADC81190035EB40 /* PostcardTests.swift */ = {isa = PBXFileReference; lastKnownFileType = sourcecode.swift; path = PostcardTests.swift; sourceTree = "<group>"; };
/* End PBXFileReference section */

/* Begin PBXFrameworksBuildPhase section */
		C8A9AB9A1ADC81190035EB40 /* Frameworks */ = {
			isa = PBXFrameworksBuildPhase;
			buildActionMask = 2147483647;
			files = (
			);
			runOnlyForDeploymentPostprocessing = 0;
		};
		C8A9ABAF1ADC81190035EB40 /* Frameworks */ = {
			isa = PBXFrameworksBuildPhase;
			buildActionMask = 2147483647;
			files = (
			);
			runOnlyForDeploymentPostprocessing = 0;
		};
/* End PBXFrameworksBuildPhase section */

/* Begin PBXGroup section */
		C8A9AB941ADC81190035EB40 = {
			isa = PBXGroup;
			children = (
				C8A9AB9F1ADC81190035EB40 /* Postcard */,
				C8A9ABB51ADC81190035EB40 /* PostcardTests */,
				C8A9AB9E1ADC81190035EB40 /* Products */,
			);
			sourceTree = "<group>";
		};
		C8A9AB9E1ADC81190035EB40 /* Products */ = {
			isa = PBXGroup;
			children = (
				C8A9AB9D1ADC81190035EB40 /* Postcard.app */,
				C8A9ABB21ADC81190035EB40 /* PostcardTests.xctest */,
			);
			name = Products;
			sourceTree = "<group>";
		};
		C8A9AB9F1ADC81190035EB40 /* Postcard */ = {
			isa = PBXGroup;
			children = (
				C8A9ABA21ADC81190035EB40 /* AppDelegate.swift */,
				C8A9ABA41ADC81190035EB40 /* ViewController.swift */,
				C8A9ABA61ADC81190035EB40 /* Main.storyboard */,
				C8A9ABA91ADC81190035EB40 /* Images.xcassets */,
				C8A9ABAB1ADC81190035EB40 /* LaunchScreen.xib */,
				C8A9ABA01ADC81190035EB40 /* Supporting Files */,
			);
			path = Postcard;
			sourceTree = "<group>";
		};
		C8A9ABA01ADC81190035EB40 /* Supporting Files */ = {
			isa = PBXGroup;
			children = (
				C8A9ABA11ADC81190035EB40 /* Info.plist */,
			);
			name = "Supporting Files";
			sourceTree = "<group>";
		};
		C8A9ABB51ADC81190035EB40 /* PostcardTests */ = {
			isa = PBXGroup;
			children = (
				C8A9ABB81ADC81190035EB40 /* PostcardTests.swift */,
				C8A9ABB61ADC81190035EB40 /* Supporting Files */,
			);
			path = PostcardTests;
			sourceTree = "<group>";
		};
		C8A9ABB61ADC81190035EB40 /* Supporting Files */ = {
			isa = PBXGroup;
			children = (
				C8A9ABB71ADC81190035EB40 /* Info.plist */,
			);
			name = "Supporting Files";
			sourceTree = "<group>";
		};
/* End PBXGroup section */

/* Begin PBXNativeTarget section */
		C8A9AB9C1ADC81190035EB40 /* Postcard */ = {
			isa = PBXNativeTarget;
			buildConfigurationList = C8A9ABBC1ADC81190035EB40 /* Build configuration list for PBXNativeTarget "Postcard" */;
			buildPhases = (
				C8A9AB991ADC81190035EB40 /* Sources */,
				C8A9AB9A1ADC81190035EB40 /* Frameworks */,
				C8A9AB9B1ADC81190035EB40 /* Resources */,
			);
			buildRules = (
			);
			dependencies = (
			);
			name = Postcard;
			productName = Postcard;
			productReference = C8A9AB9D1ADC81190035EB40 /* Postcard.app */;
			productType = "com.apple.product-type.application";
		};
		C8A9ABB11ADC81190035EB40 /* PostcardTests */ = {
			isa = PBXNativeTarget;
			buildConfigurationList = C8A9ABBF1ADC81190035EB40 /* Build configuration list for PBXNativeTarget "PostcardTests" */;
			buildPhases = (
				C8A9ABAE1ADC81190035EB40 /* Sources */,
				C8A9ABAF1ADC81190035EB40 /* Frameworks */,
				C8A9ABB01ADC81190035EB40 /* Resources */,
			);
			buildRules = (
			);
			dependencies = (
				C8A9ABB41ADC81190035EB40 /* PBXTargetDependency */,
			);
			name = PostcardTests;
			productName = PostcardTests;
			productReference = C8A9ABB21ADC81190035EB40 /* PostcardTests.xctest */;
			productType = "com.apple.product-type.bundle.unit-test";
		};
/* End PBXNativeTarget section */

/* Begin PBXProject section */
		C8A9AB951ADC81190035EB40 /* Project object */ = {
			isa = PBXProject;
			attributes = {
				LastUpgradeCheck = 0630;
				ORGANIZATIONNAME = "BENNY LEUNG";
				TargetAttributes = {
					C8A9AB9C1ADC81190035EB40 = {
						CreatedOnToolsVersion = 6.3;
					};
					C8A9ABB11ADC81190035EB40 = {
						CreatedOnToolsVersion = 6.3;
						TestTargetID = C8A9AB9C1ADC81190035EB40;
					};
				};
			};
			buildConfigurationList = C8A9AB981ADC81190035EB40 /* Build configuration list for PBXProject "Postcard" */;
			compatibilityVersion = "Xcode 3.2";
			developmentRegion = English;
			hasScannedForEncodings = 0;
			knownRegions = (
				en,
				Base,
			);
			mainGroup = C8A9AB941ADC81190035EB40;
			productRefGroup = C8A9AB9E1ADC81190035EB40 /* Products */;
			projectDirPath = "";
			projectRoot = "";
			targets = (
				C8A9AB9C1ADC81190035EB40 /* Postcard */,
				C8A9ABB11ADC81190035EB40 /* PostcardTests */,
			);
		};
/* End PBXProject section */

/* Begin PBXResourcesBuildPhase section */
		C8A9AB9B1ADC81190035EB40 /* Resources */ = {
			isa = PBXResourcesBuildPhase;
			buildActionMask = 2147483647;
			files = (
				C8A9ABA81ADC81190035EB40 /* Main.storyboard in Resources */,
				C8A9ABAD1ADC81190035EB40 /* LaunchScreen.xib in Resources */,
				C8A9ABAA1ADC81190035EB40 /* Images.xcassets in Resources */,
			);
			runOnlyForDeploymentPostprocessing = 0;
		};
		C8A9ABB01ADC81190035EB40 /* Resources */ = {
			isa = PBXResourcesBuildPhase;
			buildActionMask = 2147483647;
			files = (
			);
			runOnlyForDeploymentPostprocessing = 0;
		};
/* End PBXResourcesBuildPhase section */

/* Begin PBXSourcesBuildPhase section */
		C8A9AB991ADC81190035EB40 /* Sources */ = {
			isa = PBXSourcesBuildPhase;
			buildActionMask = 2147483647;
			files = (
				C8A9ABA51ADC81190035EB40 /* ViewController.swift in Sources */,
				C8A9ABA31ADC81190035EB40 /* AppDelegate.swift in Sources */,
			);
			runOnlyForDeploymentPostprocessing = 0;
		};
		C8A9ABAE1ADC81190035EB40 /* Sources */ = {
			isa = PBXSourcesBuildPhase;
			buildActionMask = 2147483647;
			files = (
				C8A9ABB91ADC81190035EB40 /* PostcardTests.swift in Sources */,
			);
			runOnlyForDeploymentPostprocessing = 0;
		};
/* End PBXSourcesBuildPhase section */

/* Begin PBXTargetDependency section */
		C8A9ABB41ADC81190035EB40 /* PBXTargetDependency */ = {
			isa = PBXTargetDependency;
			target = C8A9AB9C1ADC81190035EB40 /* Postcard */;
			targetProxy = C8A9ABB31ADC81190035EB40 /* PBXContainerItemProxy */;
		};
/* End PBXTargetDependency section */

/* Begin PBXVariantGroup section */
		C8A9ABA61ADC81190035EB40 /* Main.storyboard */ = {
			isa = PBXVariantGroup;
			children = (
				C8A9ABA71ADC81190035EB40 /* Base */,
			);
			name = Main.storyboard;
			sourceTree = "<group>";
		};
		C8A9ABAB1ADC81190035EB40 /* LaunchScreen.xib */ = {
			isa = PBXVariantGroup;
			children = (
				C8A9ABAC1ADC81190035EB40 /* Base */,
			);
			name = LaunchScreen.xib;
			sourceTree = "<group>";
		};
/* End PBXVariantGroup section */

/* Begin XCBuildConfiguration section */
		C8A9ABBA1ADC81190035EB40 /* Debug */ = {
			isa = XCBuildConfiguration;
			buildSettings = {
				ALWAYS_SEARCH_USER_PATHS = NO;
				CLANG_CXX_LANGUAGE_STANDARD = "gnu++0x";
				CLANG_CXX_LIBRARY = "libc++";
				CLANG_ENABLE_MODULES = YES;
				CLANG_ENABLE_OBJC_ARC = YES;
				CLANG_WARN_BOOL_CONVERSION = YES;
				CLANG_WARN_CONSTANT_CONVERSION = YES;
				CLANG_WARN_DIRECT_OBJC_ISA_USAGE = YES_ERROR;
				CLANG_WARN_EMPTY_BODY = YES;
				CLANG_WARN_ENUM_CONVERSION = YES;
				CLANG_WARN_INT_CONVERSION = YES;
				CLANG_WARN_OBJC_ROOT_CLASS = YES_ERROR;
				CLANG_WARN_UNREACHABLE_CODE = YES;
				CLANG_WARN__DUPLICATE_METHOD_MATCH = YES;
				"CODE_SIGN_IDENTITY[sdk=iphoneos*]" = "iPhone Developer";
				COPY_PHASE_STRIP = NO;
				DEBUG_INFORMATION_FORMAT = "dwarf-with-dsym";
				ENABLE_STRICT_OBJC_MSGSEND = YES;
				GCC_C_LANGUAGE_STANDARD = gnu99;
				GCC_DYNAMIC_NO_PIC = NO;
				GCC_NO_COMMON_BLOCKS = YES;
				GCC_OPTIMIZATION_LEVEL = 0;
				GCC_PREPROCESSOR_DEFINITIONS = (
					"DEBUG=1",
					"$(inherited)",
				);
				GCC_SYMBOLS_PRIVATE_EXTERN = NO;
				GCC_WARN_64_TO_32_BIT_CONVERSION = YES;
				GCC_WARN_ABOUT_RETURN_TYPE = YES_ERROR;
				GCC_WARN_UNDECLARED_SELECTOR = YES;
				GCC_WARN_UNINITIALIZED_AUTOS = YES_AGGRESSIVE;
				GCC_WARN_UNUSED_FUNCTION = YES;
				GCC_WARN_UNUSED_VARIABLE = YES;
				IPHONEOS_DEPLOYMENT_TARGET = 8.3;
				MTL_ENABLE_DEBUG_INFO = YES;
				ONLY_ACTIVE_ARCH = YES;
				SDKROOT = iphoneos;
				SWIFT_OPTIMIZATION_LEVEL = "-Onone";
				TARGETED_DEVICE_FAMILY = "1,2";
			};
			name = Debug;
		};
		C8A9ABBB1ADC81190035EB40 /* Release */ = {
			isa = XCBuildConfiguration;
			buildSettings = {
				ALWAYS_SEARCH_USER_PATHS = NO;
				CLANG_CXX_LANGUAGE_STANDARD = "gnu++0x";
				CLANG_CXX_LIBRARY = "libc++";
				CLANG_ENABLE_MODULES = YES;
				CLANG_ENABLE_OBJC_ARC = YES;
				CLANG_WARN_BOOL_CONVERSION = YES;
				CLANG_WARN_CONSTANT_CONVERSION = YES;
				CLANG_WARN_DIRECT_OBJC_ISA_USAGE = YES_ERROR;
				CLANG_WARN_EMPTY_BODY = YES;
				CLANG_WARN_ENUM_CONVERSION = YES;
				CLANG_WARN_INT_CONVERSION = YES;
				CLANG_WARN_OBJC_ROOT_CLASS = YES_ERROR;
				CLANG_WARN_UNREACHABLE_CODE = YES;
				CLANG_WARN__DUPLICATE_METHOD_MATCH = YES;
				"CODE_SIGN_IDENTITY[sdk=iphoneos*]" = "iPhone Developer";
				COPY_PHASE_STRIP = NO;
				DEBUG_INFORMATION_FORMAT = "dwarf-with-dsym";
				ENABLE_NS_ASSERTIONS = NO;
				ENABLE_STRICT_OBJC_MSGSEND = YES;
				GCC_C_LANGUAGE_STANDARD = gnu99;
				GCC_NO_COMMON_BLOCKS = YES;
				GCC_WARN_64_TO_32_BIT_CONVERSION = YES;
				GCC_WARN_ABOUT_RETURN_TYPE = YES_ERROR;
				GCC_WARN_UNDECLARED_SELECTOR = YES;
				GCC_WARN_UNINITIALIZED_AUTOS = YES_AGGRESSIVE;
				GCC_WARN_UNUSED_FUNCTION = YES;
				GCC_WARN_UNUSED_VARIABLE = YES;
				IPHONEOS_DEPLOYMENT_TARGET = 8.3;
				MTL_ENABLE_DEBUG_INFO = NO;
				SDKROOT = iphoneos;
				TARGETED_DEVICE_FAMILY = "1,2";
				VALIDATE_PRODUCT = YES;
			};
			name = Release;
		};
		C8A9ABBD1ADC81190035EB40 /* Debug */ = {
			isa = XCBuildConfiguration;
			buildSettings = {
				ASSETCATALOG_COMPILER_APPICON_NAME = AppIcon;
				INFOPLIST_FILE = Postcard/Info.plist;
				LD_RUNPATH_SEARCH_PATHS = "$(inherited) @executable_path/Frameworks";
				PRODUCT_NAME = "$(TARGET_NAME)";
			};
			name = Debug;
		};
		C8A9ABBE1ADC81190035EB40 /* Release */ = {
			isa = XCBuildConfiguration;
			buildSettings = {
				ASSETCATALOG_COMPILER_APPICON_NAME = AppIcon;
				INFOPLIST_FILE = Postcard/Info.plist;
				LD_RUNPATH_SEARCH_PATHS = "$(inherited) @executable_path/Frameworks";
				PRODUCT_NAME = "$(TARGET_NAME)";
			};
			name = Release;
		};
		C8A9ABC01ADC81190035EB40 /* Debug */ = {
			isa = XCBuildConfiguration;
			buildSettings = {
				BUNDLE_LOADER = "$(TEST_HOST)";
				FRAMEWORK_SEARCH_PATHS = (
					"$(SDKROOT)/Developer/Library/Frameworks",
					"$(inherited)",
				);
				GCC_PREPROCESSOR_DEFINITIONS = (
					"DEBUG=1",
					"$(inherited)",
				);
				INFOPLIST_FILE = PostcardTests/Info.plist;
				LD_RUNPATH_SEARCH_PATHS = "$(inherited) @executable_path/Frameworks @loader_path/Frameworks";
				PRODUCT_NAME = "$(TARGET_NAME)";
				TEST_HOST = "$(BUILT_PRODUCTS_DIR)/Postcard.app/Postcard";
			};
			name = Debug;
		};
		C8A9ABC11ADC81190035EB40 /* Release */ = {
			isa = XCBuildConfiguration;
			buildSettings = {
				BUNDLE_LOADER = "$(TEST_HOST)";
				FRAMEWORK_SEARCH_PATHS = (
					"$(SDKROOT)/Developer/Library/Frameworks",
					"$(inherited)",
				);
				INFOPLIST_FILE = PostcardTests/Info.plist;
				LD_RUNPATH_SEARCH_PATHS = "$(inherited) @executable_path/Frameworks @loader_path/Frameworks";
				PRODUCT_NAME = "$(TARGET_NAME)";
				TEST_HOST = "$(BUILT_PRODUCTS_DIR)/Postcard.app/Postcard";
			};
			name = Release;
		};
/* End XCBuildConfiguration section */

/* Begin XCConfigurationList section */
		C8A9AB981ADC81190035EB40 /* Build configuration list for PBXProject "Postcard" */ = {
			isa = XCConfigurationList;
			buildConfigurations = (
				C8A9ABBA1ADC81190035EB40 /* Debug */,
				C8A9ABBB1ADC81190035EB40 /* Release */,
			);
			defaultConfigurationIsVisible = 0;
			defaultConfigurationName = Release;
		};
		C8A9ABBC1ADC81190035EB40 /* Build configuration list for PBXNativeTarget "Postcard" */ = {
			isa = XCConfigurationList;
			buildConfigurations = (
				C8A9ABBD1ADC81190035EB40 /* Debug */,
				C8A9ABBE1ADC81190035EB40 /* Release */,
			);
			defaultConfigurationIsVisible = 0;
		};
		C8A9ABBF1ADC81190035EB40 /* Build configuration list for PBXNativeTarget "PostcardTests" */ = {
			isa = XCConfigurationList;
			buildConfigurations = (
				C8A9ABC01ADC81190035EB40 /* Debug */,
				C8A9ABC11ADC81190035EB40 /* Release */,
			);
			defaultConfigurationIsVisible = 0;
		};
/* End XCConfigurationList section */
	};
	rootObject = C8A9AB951ADC81190035EB40 /* Project object */;
}
